
Microsoft Visual Studio Solution File, Format Version 12.00
# Visual Studio 2012
Project("{FAE04EC0-301F-11D3-BF4B-00C04F79EFBC}") = "PerfSniffeR.Web", "src\PerfSniffer.Web\PerfSniffeR.Web.csproj", "{B27CCBC0-BD06-4A6F-9706-23B4AFB8321B}"
EndProject
Project("{2150E333-8FDC-42A3-9474-1A3956D46DE8}") = ".nuget", ".nuget", "{A327281C-A46E-490E-814A-E9CB42AA605E}"
	ProjectSection(SolutionItems) = preProject
		.nuget\NuGet.Config = .nuget\NuGet.Config
		.nuget\NuGet.exe = .nuget\NuGet.exe
		.nuget\NuGet.targets = .nuget\NuGet.targets
	EndProjectSection
EndProject
Global
	GlobalSection(SolutionConfigurationPlatforms) = preSolution
		Debug|Any CPU = Debug|Any CPU
		Release|Any CPU = Release|Any CPU
	EndGlobalSection
	GlobalSection(ProjectConfigurationPlatforms) = postSolution
		{B27CCBC0-BD06-4A6F-9706-23B4AFB8321B}.Debug|Any CPU.ActiveCfg = Debug|Any CPU
		{B27CCBC0-BD06-4A6F-9706-23B4AFB8321B}.Debug|Any CPU.Build.0 = Debug|Any CPU
		{B27CCBC0-BD06-4A6F-9706-23B4AFB8321B}.Release|Any CPU.ActiveCfg = Release|Any CPU
		{B27CCBC0-BD06-4A6F-9706-23B4AFB8321B}.Release|Any CPU.Build.0 = Release|Any CPU
	EndGlobalSection
	GlobalSection(SolutionProperties) = preSolution
		HideSolutionNode = FALSE
	EndGlobalSection
EndGlobal
